{
  "requires": true,
  "lockfileVersion": 1,
  "dependencies": {
    "denque": {
      "version": "1.4.1",
      "resolved": "https://registry.npm.taobao.org/denque/download/denque-1.4.1.tgz"
    },
    "redis-commands": {
      "version": "1.6.0",
      "resolved": "https://registry.npm.taobao.org/redis-commands/download/redis-commands-1.6.0.tgz?cache=0&sync_timestamp=1595989619665&other_urls=https%3A%2F%2Fregistry.npm.taobao.org%2Fredis-commands%2Fdownload%2Fredis-commands-1.6.0.tgz"
    },
    "redis-errors": {
      "version": "1.2.0",
      "resolved": "https://registry.npm.taobao.org/redis-errors/download/redis-errors-1.2.0.tgz"
    },
    "redis-parser": {
      "version": "3.0.0",
      "resolved": "https://registry.npm.taobao.org/redis-parser/download/redis-parser-3.0.0.tgz",
      "requires": {
        "redis-errors": "^1.0.0"
      },
      "dependencies": {
        "redis-errors": {
          "version": "https://registry.npm.taobao.org/redis-errors/download/redis-errors-1.2.0.tgz",
          "bundled": true
        }
      }
    }
  }
}
